
Microsoft Visual Studio Solution File, Format Version 12.00
# Visual Studio 14
VisualStudioVersion = 14.0.25420.1
MinimumVisualStudioVersion = 10.0.40219.1
Project("{FAE04EC0-301F-11D3-BF4B-00C04F79EFBC}") = "TouristicWallet", "TouristicWallet\TouristicWallet\TouristicWallet.csproj", "{7D72F1D3-3FC6-4876-8647-431B62DE3BA2}"
EndProject
Project("{FAE04EC0-301F-11D3-BF4B-00C04F79EFBC}") = "TouristicWallet.Droid", "TouristicWallet\TouristicWallet.Droid\TouristicWallet.Droid.csproj", "{0EC3EB8B-8B6C-43F2-85C3-8D17AA1EFC72}"
EndProject
Project("{FAE04EC0-301F-11D3-BF4B-00C04F79EFBC}") = "TouristicWallet.iOS", "TouristicWallet\TouristicWallet.iOS\TouristicWallet.iOS.csproj", "{DC371DB2-5E1B-4D56-A973-7D423B0DD8A0}"
EndProject
Project("{FAE04EC0-301F-11D3-BF4B-00C04F79EFBC}") = "TouristicWallet.WinPhone", "TouristicWallet\TouristicWallet.WinPhone\TouristicWallet.WinPhone.csproj", "{2E9324E0-B2BC-4C0C-827C-516C0B09C3CD}"
EndProject
Project("{FAE04EC0-301F-11D3-BF4B-00C04F79EFBC}") = "TouristicWallet.UWP", "TouristicWallet\TouristicWallet.UWP\TouristicWallet.UWP.csproj", "{02A1D307-C0E3-4259-9272-5A86BFA45C6C}"
EndProject
Project("{FAE04EC0-301F-11D3-BF4B-00C04F79EFBC}") = "TouristicWallet.Windows", "TouristicWallet\TouristicWallet.Windows\TouristicWallet.Windows.csproj", "{A9754CA5-86B5-4F24-961E-4A9BB8F2E3B9}"
EndProject
Global
	GlobalSection(SolutionConfigurationPlatforms) = preSolution
		Ad-Hoc|Any CPU = Ad-Hoc|Any CPU
		Ad-Hoc|ARM = Ad-Hoc|ARM
		Ad-Hoc|iPhone = Ad-Hoc|iPhone
		Ad-Hoc|iPhoneSimulator = Ad-Hoc|iPhoneSimulator
		Ad-Hoc|x64 = Ad-Hoc|x64
		Ad-Hoc|x86 = Ad-Hoc|x86
		AppStore|Any CPU = AppStore|Any CPU
		AppStore|ARM = AppStore|ARM
		AppStore|iPhone = AppStore|iPhone
		AppStore|iPhoneSimulator = AppStore|iPhoneSimulator
		AppStore|x64 = AppStore|x64
		AppStore|x86 = AppStore|x86
		Debug|Any CPU = Debug|Any CPU
		Debug|ARM = Debug|ARM
		Debug|iPhone = Debug|iPhone
		Debug|iPhoneSimulator = Debug|iPhoneSimulator
		Debug|x64 = Debug|x64
		Debug|x86 = Debug|x86
		Release|Any CPU = Release|Any CPU
		Release|ARM = Release|ARM
		Release|iPhone = Release|iPhone
		Release|iPhoneSimulator = Release|iPhoneSimulator
		Release|x64 = Release|x64
		Release|x86 = Release|x86
	EndGlobalSection
	GlobalSection(ProjectConfigurationPlatforms) = postSolution
		{7D72F1D3-3FC6-4876-8647-431B62DE3BA2}.Ad-Hoc|Any CPU.ActiveCfg = Release|Any CPU
		{7D72F1D3-3FC6-4876-8647-431B62DE3BA2}.Ad-Hoc|Any CPU.Build.0 = Release|Any CPU
		{7D72F1D3-3FC6-4876-8647-431B62DE3BA2}.Ad-Hoc|ARM.ActiveCfg = Release|Any CPU
		{7D72F1D3-3FC6-4876-8647-431B62DE3BA2}.Ad-Hoc|ARM.Build.0 = Release|Any CPU
		{7D72F1D3-3FC6-4876-8647-431B62DE3BA2}.Ad-Hoc|iPhone.ActiveCfg = Release|Any CPU
		{7D72F1D3-3FC6-4876-8647-431B62DE3BA2}.Ad-Hoc|iPhone.Build.0 = Release|Any CPU
		{7D72F1D3-3FC6-4876-8647-431B62DE3BA2}.Ad-Hoc|iPhoneSimulator.ActiveCfg = Release|Any CPU
		{7D72F1D3-3FC6-4876-8647-431B62DE3BA2}.Ad-Hoc|iPhoneSimulator.Build.0 = Release|Any CPU
		{7D72F1D3-3FC6-4876-8647-431B62DE3BA2}.Ad-Hoc|x64.ActiveCfg = Release|Any CPU
		{7D72F1D3-3FC6-4876-8647-431B62DE3BA2}.Ad-Hoc|x64.Build.0 = Release|Any CPU
		{7D72F1D3-3FC6-4876-8647-431B62DE3BA2}.Ad-Hoc|x86.ActiveCfg = Release|Any CPU
		{7D72F1D3-3FC6-4876-8647-431B62DE3BA2}.Ad-Hoc|x86.Build.0 = Release|Any CPU
		{7D72F1D3-3FC6-4876-8647-431B62DE3BA2}.AppStore|Any CPU.ActiveCfg = Release|Any CPU
		{7D72F1D3-3FC6-4876-8647-431B62DE3BA2}.AppStore|Any CPU.Build.0 = Release|Any CPU
		{7D72F1D3-3FC6-4876-8647-431B62DE3BA2}.AppStore|ARM.ActiveCfg = Release|Any CPU
		{7D72F1D3-3FC6-4876-8647-431B62DE3BA2}.AppStore|ARM.Build.0 = Release|Any CPU
		{7D72F1D3-3FC6-4876-8647-431B62DE3BA2}.AppStore|iPhone.ActiveCfg = Release|Any CPU
		{7D72F1D3-3FC6-4876-8647-431B62DE3BA2}.AppStore|iPhone.Build.0 = Release|Any CPU
		{7D72F1D3-3FC6-4876-8647-431B62DE3BA2}.AppStore|iPhoneSimulator.ActiveCfg = Release|Any CPU
		{7D72F1D3-3FC6-4876-8647-431B62DE3BA2}.AppStore|iPhoneSimulator.Build.0 = Release|Any CPU
		{7D72F1D3-3FC6-4876-8647-431B62DE3BA2}.AppStore|x64.ActiveCfg = Release|Any CPU
		{7D72F1D3-3FC6-4876-8647-431B62DE3BA2}.AppStore|x64.Build.0 = Release|Any CPU
		{7D72F1D3-3FC6-4876-8647-431B62DE3BA2}.AppStore|x86.ActiveCfg = Release|Any CPU
		{7D72F1D3-3FC6-4876-8647-431B62DE3BA2}.AppStore|x86.Build.0 = Release|Any CPU
		{7D72F1D3-3FC6-4876-8647-431B62DE3BA2}.Debug|Any CPU.ActiveCfg = Debug|Any CPU
		{7D72F1D3-3FC6-4876-8647-431B62DE3BA2}.Debug|Any CPU.Build.0 = Debug|Any CPU
		{7D72F1D3-3FC6-4876-8647-431B62DE3BA2}.Debug|ARM.ActiveCfg = Debug|Any CPU
		{7D72F1D3-3FC6-4876-8647-431B62DE3BA2}.Debug|ARM.Build.0 = Debug|Any CPU
		{7D72F1D3-3FC6-4876-8647-431B62DE3BA2}.Debug|iPhone.ActiveCfg = Debug|Any CPU
		{7D72F1D3-3FC6-4876-8647-431B62DE3BA2}.Debug|iPhone.Build.0 = Debug|Any CPU
		{7D72F1D3-3FC6-4876-8647-431B62DE3BA2}.Debug|iPhoneSimulator.ActiveCfg = Debug|Any CPU
		{7D72F1D3-3FC6-4876-8647-431B62DE3BA2}.Debug|iPhoneSimulator.Build.0 = Debug|Any CPU
		{7D72F1D3-3FC6-4876-8647-431B62DE3BA2}.Debug|x64.ActiveCfg = Debug|Any CPU
		{7D72F1D3-3FC6-4876-8647-431B62DE3BA2}.Debug|x64.Build.0 = Debug|Any CPU
		{7D72F1D3-3FC6-4876-8647-431B62DE3BA2}.Debug|x86.ActiveCfg = Debug|Any CPU
		{7D72F1D3-3FC6-4876-8647-431B62DE3BA2}.Debug|x86.Build.0 = Debug|Any CPU
		{7D72F1D3-3FC6-4876-8647-431B62DE3BA2}.Release|Any CPU.ActiveCfg = Release|Any CPU
		{7D72F1D3-3FC6-4876-8647-431B62DE3BA2}.Release|Any CPU.Build.0 = Release|Any CPU
		{7D72F1D3-3FC6-4876-8647-431B62DE3BA2}.Release|ARM.ActiveCfg = Release|Any CPU
		{7D72F1D3-3FC6-4876-8647-431B62DE3BA2}.Release|ARM.Build.0 = Release|Any CPU
		{7D72F1D3-3FC6-4876-8647-431B62DE3BA2}.Release|iPhone.ActiveCfg = Release|Any CPU
		{7D72F1D3-3FC6-4876-8647-431B62DE3BA2}.Release|iPhone.Build.0 = Release|Any CPU
		{7D72F1D3-3FC6-4876-8647-431B62DE3BA2}.Release|iPhoneSimulator.ActiveCfg = Release|Any CPU
		{7D72F1D3-3FC6-4876-8647-431B62DE3BA2}.Release|iPhoneSimulator.Build.0 = Release|Any CPU
		{7D72F1D3-3FC6-4876-8647-431B62DE3BA2}.Release|x64.ActiveCfg = Release|Any CPU
		{7D72F1D3-3FC6-4876-8647-431B62DE3BA2}.Release|x64.Build.0 = Release|Any CPU
		{7D72F1D3-3FC6-4876-8647-431B62DE3BA2}.Release|x86.ActiveCfg = Release|Any CPU
		{7D72F1D3-3FC6-4876-8647-431B62DE3BA2}.Release|x86.Build.0 = Release|Any CPU
		{0EC3EB8B-8B6C-43F2-85C3-8D17AA1EFC72}.Ad-Hoc|Any CPU.ActiveCfg = Release|Any CPU
		{0EC3EB8B-8B6C-43F2-85C3-8D17AA1EFC72}.Ad-Hoc|Any CPU.Build.0 = Release|Any CPU
		{0EC3EB8B-8B6C-43F2-85C3-8D17AA1EFC72}.Ad-Hoc|Any CPU.Deploy.0 = Release|Any CPU
		{0EC3EB8B-8B6C-43F2-85C3-8D17AA1EFC72}.Ad-Hoc|ARM.ActiveCfg = Release|Any CPU
		{0EC3EB8B-8B6C-43F2-85C3-8D17AA1EFC72}.Ad-Hoc|ARM.Build.0 = Release|Any CPU
		{0EC3EB8B-8B6C-43F2-85C3-8D17AA1EFC72}.Ad-Hoc|ARM.Deploy.0 = Release|Any CPU
		{0EC3EB8B-8B6C-43F2-85C3-8D17AA1EFC72}.Ad-Hoc|iPhone.ActiveCfg = Release|Any CPU
		{0EC3EB8B-8B6C-43F2-85C3-8D17AA1EFC72}.Ad-Hoc|iPhone.Build.0 = Release|Any CPU
		{0EC3EB8B-8B6C-43F2-85C3-8D17AA1EFC72}.Ad-Hoc|iPhone.Deploy.0 = Release|Any CPU
		{0EC3EB8B-8B6C-43F2-85C3-8D17AA1EFC72}.Ad-Hoc|iPhoneSimulator.ActiveCfg = Release|Any CPU
		{0EC3EB8B-8B6C-43F2-85C3-8D17AA1EFC72}.Ad-Hoc|iPhoneSimulator.Build.0 = Release|Any CPU
		{0EC3EB8B-8B6C-43F2-85C3-8D17AA1EFC72}.Ad-Hoc|iPhoneSimulator.Deploy.0 = Release|Any CPU
		{0EC3EB8B-8B6C-43F2-85C3-8D17AA1EFC72}.Ad-Hoc|x64.ActiveCfg = Release|Any CPU
		{0EC3EB8B-8B6C-43F2-85C3-8D17AA1EFC72}.Ad-Hoc|x64.Build.0 = Release|Any CPU
		{0EC3EB8B-8B6C-43F2-85C3-8D17AA1EFC72}.Ad-Hoc|x64.Deploy.0 = Release|Any CPU
		{0EC3EB8B-8B6C-43F2-85C3-8D17AA1EFC72}.Ad-Hoc|x86.ActiveCfg = Release|Any CPU
		{0EC3EB8B-8B6C-43F2-85C3-8D17AA1EFC72}.Ad-Hoc|x86.Build.0 = Release|Any CPU
		{0EC3EB8B-8B6C-43F2-85C3-8D17AA1EFC72}.Ad-Hoc|x86.Deploy.0 = Release|Any CPU
		{0EC3EB8B-8B6C-43F2-85C3-8D17AA1EFC72}.AppStore|Any CPU.ActiveCfg = Release|Any CPU
		{0EC3EB8B-8B6C-43F2-85C3-8D17AA1EFC72}.AppStore|Any CPU.Build.0 = Release|Any CPU
		{0EC3EB8B-8B6C-43F2-85C3-8D17AA1EFC72}.AppStore|Any CPU.Deploy.0 = Release|Any CPU
		{0EC3EB8B-8B6C-43F2-85C3-8D17AA1EFC72}.AppStore|ARM.ActiveCfg = Release|Any CPU
		{0EC3EB8B-8B6C-43F2-85C3-8D17AA1EFC72}.AppStore|ARM.Build.0 = Release|Any CPU
		{0EC3EB8B-8B6C-43F2-85C3-8D17AA1EFC72}.AppStore|ARM.Deploy.0 = Release|Any CPU
		{0EC3EB8B-8B6C-43F2-85C3-8D17AA1EFC72}.AppStore|iPhone.ActiveCfg = Release|Any CPU
		{0EC3EB8B-8B6C-43F2-85C3-8D17AA1EFC72}.AppStore|iPhone.Build.0 = Release|Any CPU
		{0EC3EB8B-8B6C-43F2-85C3-8D17AA1EFC72}.AppStore|iPhone.Deploy.0 = Release|Any CPU
		{0EC3EB8B-8B6C-43F2-85C3-8D17AA1EFC72}.AppStore|iPhoneSimulator.ActiveCfg = Release|Any CPU
		{0EC3EB8B-8B6C-43F2-85C3-8D17AA1EFC72}.AppStore|iPhoneSimulator.Build.0 = Release|Any CPU
		{0EC3EB8B-8B6C-43F2-85C3-8D17AA1EFC72}.AppStore|iPhoneSimulator.Deploy.0 = Release|Any CPU
		{0EC3EB8B-8B6C-43F2-85C3-8D17AA1EFC72}.AppStore|x64.ActiveCfg = Release|Any CPU
		{0EC3EB8B-8B6C-43F2-85C3-8D17AA1EFC72}.AppStore|x64.Build.0 = Release|Any CPU
		{0EC3EB8B-8B6C-43F2-85C3-8D17AA1EFC72}.AppStore|x64.Deploy.0 = Release|Any CPU
		{0EC3EB8B-8B6C-43F2-85C3-8D17AA1EFC72}.AppStore|x86.ActiveCfg = Release|Any CPU
		{0EC3EB8B-8B6C-43F2-85C3-8D17AA1EFC72}.AppStore|x86.Build.0 = Release|Any CPU
		{0EC3EB8B-8B6C-43F2-85C3-8D17AA1EFC72}.AppStore|x86.Deploy.0 = Release|Any CPU
		{0EC3EB8B-8B6C-43F2-85C3-8D17AA1EFC72}.Debug|Any CPU.ActiveCfg = Debug|Any CPU
		{0EC3EB8B-8B6C-43F2-85C3-8D17AA1EFC72}.Debug|Any CPU.Build.0 = Debug|Any CPU
		{0EC3EB8B-8B6C-43F2-85C3-8D17AA1EFC72}.Debug|Any CPU.Deploy.0 = Debug|Any CPU
		{0EC3EB8B-8B6C-43F2-85C3-8D17AA1EFC72}.Debug|ARM.ActiveCfg = Debug|Any CPU
		{0EC3EB8B-8B6C-43F2-85C3-8D17AA1EFC72}.Debug|ARM.Build.0 = Debug|Any CPU
		{0EC3EB8B-8B6C-43F2-85C3-8D17AA1EFC72}.Debug|ARM.Deploy.0 = Debug|Any CPU
		{0EC3EB8B-8B6C-43F2-85C3-8D17AA1EFC72}.Debug|iPhone.ActiveCfg = Debug|Any CPU
		{0EC3EB8B-8B6C-43F2-85C3-8D17AA1EFC72}.Debug|iPhone.Build.0 = Debug|Any CPU
		{0EC3EB8B-8B6C-43F2-85C3-8D17AA1EFC72}.Debug|iPhone.Deploy.0 = Debug|Any CPU
		{0EC3EB8B-8B6C-43F2-85C3-8D17AA1EFC72}.Debug|iPhoneSimulator.ActiveCfg = Debug|Any CPU
		{0EC3EB8B-8B6C-43F2-85C3-8D17AA1EFC72}.Debug|iPhoneSimulator.Build.0 = Debug|Any CPU
		{0EC3EB8B-8B6C-43F2-85C3-8D17AA1EFC72}.Debug|iPhoneSimulator.Deploy.0 = Debug|Any CPU
		{0EC3EB8B-8B6C-43F2-85C3-8D17AA1EFC72}.Debug|x64.ActiveCfg = Debug|Any CPU
		{0EC3EB8B-8B6C-43F2-85C3-8D17AA1EFC72}.Debug|x64.Build.0 = Debug|Any CPU
		{0EC3EB8B-8B6C-43F2-85C3-8D17AA1EFC72}.Debug|x64.Deploy.0 = Debug|Any CPU
		{0EC3EB8B-8B6C-43F2-85C3-8D17AA1EFC72}.Debug|x86.ActiveCfg = Debug|Any CPU
		{0EC3EB8B-8B6C-43F2-85C3-8D17AA1EFC72}.Debug|x86.Build.0 = Debug|Any CPU
		{0EC3EB8B-8B6C-43F2-85C3-8D17AA1EFC72}.Debug|x86.Deploy.0 = Debug|Any CPU
		{0EC3EB8B-8B6C-43F2-85C3-8D17AA1EFC72}.Release|Any CPU.ActiveCfg = Release|Any CPU
		{0EC3EB8B-8B6C-43F2-85C3-8D17AA1EFC72}.Release|Any CPU.Build.0 = Release|Any CPU
		{0EC3EB8B-8B6C-43F2-85C3-8D17AA1EFC72}.Release|Any CPU.Deploy.0 = Release|Any CPU
		{0EC3EB8B-8B6C-43F2-85C3-8D17AA1EFC72}.Release|ARM.ActiveCfg = Release|Any CPU
		{0EC3EB8B-8B6C-43F2-85C3-8D17AA1EFC72}.Release|ARM.Build.0 = Release|Any CPU
		{0EC3EB8B-8B6C-43F2-85C3-8D17AA1EFC72}.Release|ARM.Deploy.0 = Release|Any CPU
		{0EC3EB8B-8B6C-43F2-85C3-8D17AA1EFC72}.Release|iPhone.ActiveCfg = Release|Any CPU
		{0EC3EB8B-8B6C-43F2-85C3-8D17AA1EFC72}.Release|iPhone.Build.0 = Release|Any CPU
		{0EC3EB8B-8B6C-43F2-85C3-8D17AA1EFC72}.Release|iPhone.Deploy.0 = Release|Any CPU
		{0EC3EB8B-8B6C-43F2-85C3-8D17AA1EFC72}.Release|iPhoneSimulator.ActiveCfg = Release|Any CPU
		{0EC3EB8B-8B6C-43F2-85C3-8D17AA1EFC72}.Release|iPhoneSimulator.Build.0 = Release|Any CPU
		{0EC3EB8B-8B6C-43F2-85C3-8D17AA1EFC72}.Release|iPhoneSimulator.Deploy.0 = Release|Any CPU
		{0EC3EB8B-8B6C-43F2-85C3-8D17AA1EFC72}.Release|x64.ActiveCfg = Release|Any CPU
		{0EC3EB8B-8B6C-43F2-85C3-8D17AA1EFC72}.Release|x64.Build.0 = Release|Any CPU
		{0EC3EB8B-8B6C-43F2-85C3-8D17AA1EFC72}.Release|x64.Deploy.0 = Release|Any CPU
		{0EC3EB8B-8B6C-43F2-85C3-8D17AA1EFC72}.Release|x86.ActiveCfg = Release|Any CPU
		{0EC3EB8B-8B6C-43F2-85C3-8D17AA1EFC72}.Release|x86.Build.0 = Release|Any CPU
		{0EC3EB8B-8B6C-43F2-85C3-8D17AA1EFC72}.Release|x86.Deploy.0 = Release|Any CPU
		{DC371DB2-5E1B-4D56-A973-7D423B0DD8A0}.Ad-Hoc|Any CPU.ActiveCfg = Ad-Hoc|iPhone
		{DC371DB2-5E1B-4D56-A973-7D423B0DD8A0}.Ad-Hoc|ARM.ActiveCfg = Ad-Hoc|iPhone
		{DC371DB2-5E1B-4D56-A973-7D423B0DD8A0}.Ad-Hoc|iPhone.ActiveCfg = Ad-Hoc|iPhone
		{DC371DB2-5E1B-4D56-A973-7D423B0DD8A0}.Ad-Hoc|iPhone.Build.0 = Ad-Hoc|iPhone
		{DC371DB2-5E1B-4D56-A973-7D423B0DD8A0}.Ad-Hoc|iPhoneSimulator.ActiveCfg = Ad-Hoc|iPhoneSimulator
		{DC371DB2-5E1B-4D56-A973-7D423B0DD8A0}.Ad-Hoc|iPhoneSimulator.Build.0 = Ad-Hoc|iPhoneSimulator
		{DC371DB2-5E1B-4D56-A973-7D423B0DD8A0}.Ad-Hoc|x64.ActiveCfg = Ad-Hoc|iPhone
		{DC371DB2-5E1B-4D56-A973-7D423B0DD8A0}.Ad-Hoc|x86.ActiveCfg = Ad-Hoc|iPhone
		{DC371DB2-5E1B-4D56-A973-7D423B0DD8A0}.AppStore|Any CPU.ActiveCfg = AppStore|iPhone
		{DC371DB2-5E1B-4D56-A973-7D423B0DD8A0}.AppStore|ARM.ActiveCfg = AppStore|iPhone
		{DC371DB2-5E1B-4D56-A973-7D423B0DD8A0}.AppStore|iPhone.ActiveCfg = AppStore|iPhone
		{DC371DB2-5E1B-4D56-A973-7D423B0DD8A0}.AppStore|iPhone.Build.0 = AppStore|iPhone
		{DC371DB2-5E1B-4D56-A973-7D423B0DD8A0}.AppStore|iPhoneSimulator.ActiveCfg = AppStore|iPhoneSimulator
		{DC371DB2-5E1B-4D56-A973-7D423B0DD8A0}.AppStore|iPhoneSimulator.Build.0 = AppStore|iPhoneSimulator
		{DC371DB2-5E1B-4D56-A973-7D423B0DD8A0}.AppStore|x64.ActiveCfg = AppStore|iPhone
		{DC371DB2-5E1B-4D56-A973-7D423B0DD8A0}.AppStore|x86.ActiveCfg = AppStore|iPhone
		{DC371DB2-5E1B-4D56-A973-7D423B0DD8A0}.Debug|Any CPU.ActiveCfg = Debug|iPhone
		{DC371DB2-5E1B-4D56-A973-7D423B0DD8A0}.Debug|ARM.ActiveCfg = Debug|iPhone
		{DC371DB2-5E1B-4D56-A973-7D423B0DD8A0}.Debug|iPhone.ActiveCfg = Debug|iPhone
		{DC371DB2-5E1B-4D56-A973-7D423B0DD8A0}.Debug|iPhone.Build.0 = Debug|iPhone
		{DC371DB2-5E1B-4D56-A973-7D423B0DD8A0}.Debug|iPhoneSimulator.ActiveCfg = Debug|iPhoneSimulator
		{DC371DB2-5E1B-4D56-A973-7D423B0DD8A0}.Debug|iPhoneSimulator.Build.0 = Debug|iPhoneSimulator
		{DC371DB2-5E1B-4D56-A973-7D423B0DD8A0}.Debug|x64.ActiveCfg = Debug|iPhone
		{DC371DB2-5E1B-4D56-A973-7D423B0DD8A0}.Debug|x86.ActiveCfg = Debug|iPhone
		{DC371DB2-5E1B-4D56-A973-7D423B0DD8A0}.Release|Any CPU.ActiveCfg = Release|iPhone
		{DC371DB2-5E1B-4D56-A973-7D423B0DD8A0}.Release|ARM.ActiveCfg = Release|iPhone
		{DC371DB2-5E1B-4D56-A973-7D423B0DD8A0}.Release|iPhone.ActiveCfg = Release|iPhone
		{DC371DB2-5E1B-4D56-A973-7D423B0DD8A0}.Release|iPhone.Build.0 = Release|iPhone
		{DC371DB2-5E1B-4D56-A973-7D423B0DD8A0}.Release|iPhoneSimulator.ActiveCfg = Release|iPhoneSimulator
		{DC371DB2-5E1B-4D56-A973-7D423B0DD8A0}.Release|iPhoneSimulator.Build.0 = Release|iPhoneSimulator
		{DC371DB2-5E1B-4D56-A973-7D423B0DD8A0}.Release|x64.ActiveCfg = Release|iPhone
		{DC371DB2-5E1B-4D56-A973-7D423B0DD8A0}.Release|x86.ActiveCfg = Release|iPhone
		{2E9324E0-B2BC-4C0C-827C-516C0B09C3CD}.Ad-Hoc|Any CPU.ActiveCfg = Release|Any CPU
		{2E9324E0-B2BC-4C0C-827C-516C0B09C3CD}.Ad-Hoc|Any CPU.Build.0 = Release|Any CPU
		{2E9324E0-B2BC-4C0C-827C-516C0B09C3CD}.Ad-Hoc|Any CPU.Deploy.0 = Release|Any CPU
		{2E9324E0-B2BC-4C0C-827C-516C0B09C3CD}.Ad-Hoc|ARM.ActiveCfg = Release|ARM
		{2E9324E0-B2BC-4C0C-827C-516C0B09C3CD}.Ad-Hoc|ARM.Build.0 = Release|ARM
		{2E9324E0-B2BC-4C0C-827C-516C0B09C3CD}.Ad-Hoc|ARM.Deploy.0 = Release|ARM
		{2E9324E0-B2BC-4C0C-827C-516C0B09C3CD}.Ad-Hoc|iPhone.ActiveCfg = Release|Any CPU
		{2E9324E0-B2BC-4C0C-827C-516C0B09C3CD}.Ad-Hoc|iPhone.Build.0 = Release|Any CPU
		{2E9324E0-B2BC-4C0C-827C-516C0B09C3CD}.Ad-Hoc|iPhone.Deploy.0 = Release|Any CPU
		{2E9324E0-B2BC-4C0C-827C-516C0B09C3CD}.Ad-Hoc|iPhoneSimulator.ActiveCfg = Release|Any CPU
		{2E9324E0-B2BC-4C0C-827C-516C0B09C3CD}.Ad-Hoc|iPhoneSimulator.Build.0 = Release|Any CPU
		{2E9324E0-B2BC-4C0C-827C-516C0B09C3CD}.Ad-Hoc|iPhoneSimulator.Deploy.0 = Release|Any CPU
		{2E9324E0-B2BC-4C0C-827C-516C0B09C3CD}.Ad-Hoc|x64.ActiveCfg = Release|Any CPU
		{2E9324E0-B2BC-4C0C-827C-516C0B09C3CD}.Ad-Hoc|x64.Build.0 = Release|Any CPU
		{2E9324E0-B2BC-4C0C-827C-516C0B09C3CD}.Ad-Hoc|x64.Deploy.0 = Release|Any CPU
		{2E9324E0-B2BC-4C0C-827C-516C0B09C3CD}.Ad-Hoc|x86.ActiveCfg = Release|x86
		{2E9324E0-B2BC-4C0C-827C-516C0B09C3CD}.Ad-Hoc|x86.Build.0 = Release|x86
		{2E9324E0-B2BC-4C0C-827C-516C0B09C3CD}.Ad-Hoc|x86.Deploy.0 = Release|x86
		{2E9324E0-B2BC-4C0C-827C-516C0B09C3CD}.AppStore|Any CPU.ActiveCfg = Release|Any CPU
		{2E9324E0-B2BC-4C0C-827C-516C0B09C3CD}.AppStore|Any CPU.Build.0 = Release|Any CPU
		{2E9324E0-B2BC-4C0C-827C-516C0B09C3CD}.AppStore|Any CPU.Deploy.0 = Release|Any CPU
		{2E9324E0-B2BC-4C0C-827C-516C0B09C3CD}.AppStore|ARM.ActiveCfg = Release|ARM
		{2E9324E0-B2BC-4C0C-827C-516C0B09C3CD}.AppStore|ARM.Build.0 = Release|ARM
		{2E9324E0-B2BC-4C0C-827C-516C0B09C3CD}.AppStore|ARM.Deploy.0 = Release|ARM
		{2E9324E0-B2BC-4C0C-827C-516C0B09C3CD}.AppStore|iPhone.ActiveCfg = Release|Any CPU
		{2E9324E0-B2BC-4C0C-827C-516C0B09C3CD}.AppStore|iPhone.Build.0 = Release|Any CPU
		{2E9324E0-B2BC-4C0C-827C-516C0B09C3CD}.AppStore|iPhone.Deploy.0 = Release|Any CPU
		{2E9324E0-B2BC-4C0C-827C-516C0B09C3CD}.AppStore|iPhoneSimulator.ActiveCfg = Release|Any CPU
		{2E9324E0-B2BC-4C0C-827C-516C0B09C3CD}.AppStore|iPhoneSimulator.Build.0 = Release|Any CPU
		{2E9324E0-B2BC-4C0C-827C-516C0B09C3CD}.AppStore|iPhoneSimulator.Deploy.0 = Release|Any CPU
		{2E9324E0-B2BC-4C0C-827C-516C0B09C3CD}.AppStore|x64.ActiveCfg = Release|Any CPU
		{2E9324E0-B2BC-4C0C-827C-516C0B09C3CD}.AppStore|x64.Build.0 = Release|Any CPU
		{2E9324E0-B2BC-4C0C-827C-516C0B09C3CD}.AppStore|x64.Deploy.0 = Release|Any CPU
		{2E9324E0-B2BC-4C0C-827C-516C0B09C3CD}.AppStore|x86.ActiveCfg = Release|x86
		{2E9324E0-B2BC-4C0C-827C-516C0B09C3CD}.AppStore|x86.Build.0 = Release|x86
		{2E9324E0-B2BC-4C0C-827C-516C0B09C3CD}.AppStore|x86.Deploy.0 = Release|x86
		{2E9324E0-B2BC-4C0C-827C-516C0B09C3CD}.Debug|Any CPU.ActiveCfg = Debug|Any CPU
		{2E9324E0-B2BC-4C0C-827C-516C0B09C3CD}.Debug|Any CPU.Build.0 = Debug|Any CPU
		{2E9324E0-B2BC-4C0C-827C-516C0B09C3CD}.Debug|Any CPU.Deploy.0 = Debug|Any CPU
		{2E9324E0-B2BC-4C0C-827C-516C0B09C3CD}.Debug|ARM.ActiveCfg = Debug|ARM
		{2E9324E0-B2BC-4C0C-827C-516C0B09C3CD}.Debug|ARM.Build.0 = Debug|ARM
		{2E9324E0-B2BC-4C0C-827C-516C0B09C3CD}.Debug|ARM.Deploy.0 = Debug|ARM
		{2E9324E0-B2BC-4C0C-827C-516C0B09C3CD}.Debug|iPhone.ActiveCfg = Debug|Any CPU
		{2E9324E0-B2BC-4C0C-827C-516C0B09C3CD}.Debug|iPhone.Build.0 = Debug|Any CPU
		{2E9324E0-B2BC-4C0C-827C-516C0B09C3CD}.Debug|iPhone.Deploy.0 = Debug|Any CPU
		{2E9324E0-B2BC-4C0C-827C-516C0B09C3CD}.Debug|iPhoneSimulator.ActiveCfg = Debug|Any CPU
		{2E9324E0-B2BC-4C0C-827C-516C0B09C3CD}.Debug|iPhoneSimulator.Build.0 = Debug|Any CPU
		{2E9324E0-B2BC-4C0C-827C-516C0B09C3CD}.Debug|iPhoneSimulator.Deploy.0 = Debug|Any CPU
		{2E9324E0-B2BC-4C0C-827C-516C0B09C3CD}.Debug|x64.ActiveCfg = Debug|Any CPU
		{2E9324E0-B2BC-4C0C-827C-516C0B09C3CD}.Debug|x64.Build.0 = Debug|Any CPU
		{2E9324E0-B2BC-4C0C-827C-516C0B09C3CD}.Debug|x64.Deploy.0 = Debug|Any CPU
		{2E9324E0-B2BC-4C0C-827C-516C0B09C3CD}.Debug|x86.ActiveCfg = Debug|x86
		{2E9324E0-B2BC-4C0C-827C-516C0B09C3CD}.Debug|x86.Build.0 = Debug|x86
		{2E9324E0-B2BC-4C0C-827C-516C0B09C3CD}.Debug|x86.Deploy.0 = Debug|x86
		{2E9324E0-B2BC-4C0C-827C-516C0B09C3CD}.Release|Any CPU.ActiveCfg = Release|Any CPU
		{2E9324E0-B2BC-4C0C-827C-516C0B09C3CD}.Release|Any CPU.Build.0 = Release|Any CPU
		{2E9324E0-B2BC-4C0C-827C-516C0B09C3CD}.Release|Any CPU.Deploy.0 = Release|Any CPU
		{2E9324E0-B2BC-4C0C-827C-516C0B09C3CD}.Release|ARM.ActiveCfg = Release|ARM
		{2E9324E0-B2BC-4C0C-827C-516C0B09C3CD}.Release|ARM.Build.0 = Release|ARM
		{2E9324E0-B2BC-4C0C-827C-516C0B09C3CD}.Release|ARM.Deploy.0 = Release|ARM
		{2E9324E0-B2BC-4C0C-827C-516C0B09C3CD}.Release|iPhone.ActiveCfg = Release|Any CPU
		{2E9324E0-B2BC-4C0C-827C-516C0B09C3CD}.Release|iPhone.Build.0 = Release|Any CPU
		{2E9324E0-B2BC-4C0C-827C-516C0B09C3CD}.Release|iPhone.Deploy.0 = Release|Any CPU
		{2E9324E0-B2BC-4C0C-827C-516C0B09C3CD}.Release|iPhoneSimulator.ActiveCfg = Release|Any CPU
		{2E9324E0-B2BC-4C0C-827C-516C0B09C3CD}.Release|iPhoneSimulator.Build.0 = Release|Any CPU
		{2E9324E0-B2BC-4C0C-827C-516C0B09C3CD}.Release|iPhoneSimulator.Deploy.0 = Release|Any CPU
		{2E9324E0-B2BC-4C0C-827C-516C0B09C3CD}.Release|x64.ActiveCfg = Release|Any CPU
		{2E9324E0-B2BC-4C0C-827C-516C0B09C3CD}.Release|x64.Build.0 = Release|Any CPU
		{2E9324E0-B2BC-4C0C-827C-516C0B09C3CD}.Release|x64.Deploy.0 = Release|Any CPU
		{2E9324E0-B2BC-4C0C-827C-516C0B09C3CD}.Release|x86.ActiveCfg = Release|x86
		{2E9324E0-B2BC-4C0C-827C-516C0B09C3CD}.Release|x86.Build.0 = Release|x86
		{2E9324E0-B2BC-4C0C-827C-516C0B09C3CD}.Release|x86.Deploy.0 = Release|x86
		{02A1D307-C0E3-4259-9272-5A86BFA45C6C}.Ad-Hoc|Any CPU.ActiveCfg = Release|x86
		{02A1D307-C0E3-4259-9272-5A86BFA45C6C}.Ad-Hoc|Any CPU.Build.0 = Release|x86
		{02A1D307-C0E3-4259-9272-5A86BFA45C6C}.Ad-Hoc|Any CPU.Deploy.0 = Release|x86
		{02A1D307-C0E3-4259-9272-5A86BFA45C6C}.Ad-Hoc|ARM.ActiveCfg = Release|ARM
		{02A1D307-C0E3-4259-9272-5A86BFA45C6C}.Ad-Hoc|ARM.Build.0 = Release|ARM
		{02A1D307-C0E3-4259-9272-5A86BFA45C6C}.Ad-Hoc|ARM.Deploy.0 = Release|ARM
		{02A1D307-C0E3-4259-9272-5A86BFA45C6C}.Ad-Hoc|iPhone.ActiveCfg = Release|x86
		{02A1D307-C0E3-4259-9272-5A86BFA45C6C}.Ad-Hoc|iPhone.Build.0 = Release|x86
		{02A1D307-C0E3-4259-9272-5A86BFA45C6C}.Ad-Hoc|iPhone.Deploy.0 = Release|x86
		{02A1D307-C0E3-4259-9272-5A86BFA45C6C}.Ad-Hoc|iPhoneSimulator.ActiveCfg = Release|x86
		{02A1D307-C0E3-4259-9272-5A86BFA45C6C}.Ad-Hoc|iPhoneSimulator.Build.0 = Release|x86
		{02A1D307-C0E3-4259-9272-5A86BFA45C6C}.Ad-Hoc|iPhoneSimulator.Deploy.0 = Release|x86
		{02A1D307-C0E3-4259-9272-5A86BFA45C6C}.Ad-Hoc|x64.ActiveCfg = Release|x64
		{02A1D307-C0E3-4259-9272-5A86BFA45C6C}.Ad-Hoc|x64.Build.0 = Release|x64
		{02A1D307-C0E3-4259-9272-5A86BFA45C6C}.Ad-Hoc|x64.Deploy.0 = Release|x64
		{02A1D307-C0E3-4259-9272-5A86BFA45C6C}.Ad-Hoc|x86.ActiveCfg = Release|x86
		{02A1D307-C0E3-4259-9272-5A86BFA45C6C}.Ad-Hoc|x86.Build.0 = Release|x86
		{02A1D307-C0E3-4259-9272-5A86BFA45C6C}.Ad-Hoc|x86.Deploy.0 = Release|x86
		{02A1D307-C0E3-4259-9272-5A86BFA45C6C}.AppStore|Any CPU.ActiveCfg = Release|x86
		{02A1D307-C0E3-4259-9272-5A86BFA45C6C}.AppStore|Any CPU.Build.0 = Release|x86
		{02A1D307-C0E3-4259-9272-5A86BFA45C6C}.AppStore|Any CPU.Deploy.0 = Release|x86
		{02A1D307-C0E3-4259-9272-5A86BFA45C6C}.AppStore|ARM.ActiveCfg = Release|ARM
		{02A1D307-C0E3-4259-9272-5A86BFA45C6C}.AppStore|ARM.Build.0 = Release|ARM
		{02A1D307-C0E3-4259-9272-5A86BFA45C6C}.AppStore|ARM.Deploy.0 = Release|ARM
		{02A1D307-C0E3-4259-9272-5A86BFA45C6C}.AppStore|iPhone.ActiveCfg = Release|x86
		{02A1D307-C0E3-4259-9272-5A86BFA45C6C}.AppStore|iPhone.Build.0 = Release|x86
		{02A1D307-C0E3-4259-9272-5A86BFA45C6C}.AppStore|iPhone.Deploy.0 = Release|x86
		{02A1D307-C0E3-4259-9272-5A86BFA45C6C}.AppStore|iPhoneSimulator.ActiveCfg = Release|x86
		{02A1D307-C0E3-4259-9272-5A86BFA45C6C}.AppStore|iPhoneSimulator.Build.0 = Release|x86
		{02A1D307-C0E3-4259-9272-5A86BFA45C6C}.AppStore|iPhoneSimulator.Deploy.0 = Release|x86
		{02A1D307-C0E3-4259-9272-5A86BFA45C6C}.AppStore|x64.ActiveCfg = Release|x64
		{02A1D307-C0E3-4259-9272-5A86BFA45C6C}.AppStore|x64.Build.0 = Release|x64
		{02A1D307-C0E3-4259-9272-5A86BFA45C6C}.AppStore|x64.Deploy.0 = Release|x64
		{02A1D307-C0E3-4259-9272-5A86BFA45C6C}.AppStore|x86.ActiveCfg = Release|x86
		{02A1D307-C0E3-4259-9272-5A86BFA45C6C}.AppStore|x86.Build.0 = Release|x86
		{02A1D307-C0E3-4259-9272-5A86BFA45C6C}.AppStore|x86.Deploy.0 = Release|x86
		{02A1D307-C0E3-4259-9272-5A86BFA45C6C}.Debug|Any CPU.ActiveCfg = Debug|x64
		{02A1D307-C0E3-4259-9272-5A86BFA45C6C}.Debug|Any CPU.Build.0 = Debug|x64
		{02A1D307-C0E3-4259-9272-5A86BFA45C6C}.Debug|Any CPU.Deploy.0 = Debug|x64
		{02A1D307-C0E3-4259-9272-5A86BFA45C6C}.Debug|ARM.ActiveCfg = Debug|ARM
		{02A1D307-C0E3-4259-9272-5A86BFA45C6C}.Debug|ARM.Build.0 = Debug|ARM
		{02A1D307-C0E3-4259-9272-5A86BFA45C6C}.Debug|ARM.Deploy.0 = Debug|ARM
		{02A1D307-C0E3-4259-9272-5A86BFA45C6C}.Debug|iPhone.ActiveCfg = Debug|x86
		{02A1D307-C0E3-4259-9272-5A86BFA45C6C}.Debug|iPhoneSimulator.ActiveCfg = Debug|x86
		{02A1D307-C0E3-4259-9272-5A86BFA45C6C}.Debug|x64.ActiveCfg = Debug|x64
		{02A1D307-C0E3-4259-9272-5A86BFA45C6C}.Debug|x64.Build.0 = Debug|x64
		{02A1D307-C0E3-4259-9272-5A86BFA45C6C}.Debug|x64.Deploy.0 = Debug|x64
		{02A1D307-C0E3-4259-9272-5A86BFA45C6C}.Debug|x86.ActiveCfg = Debug|x86
		{02A1D307-C0E3-4259-9272-5A86BFA45C6C}.Debug|x86.Build.0 = Debug|x86
		{02A1D307-C0E3-4259-9272-5A86BFA45C6C}.Debug|x86.Deploy.0 = Debug|x86
		{02A1D307-C0E3-4259-9272-5A86BFA45C6C}.Release|Any CPU.ActiveCfg = Release|x86
		{02A1D307-C0E3-4259-9272-5A86BFA45C6C}.Release|ARM.ActiveCfg = Release|ARM
		{02A1D307-C0E3-4259-9272-5A86BFA45C6C}.Release|ARM.Build.0 = Release|ARM
		{02A1D307-C0E3-4259-9272-5A86BFA45C6C}.Release|ARM.Deploy.0 = Release|ARM
		{02A1D307-C0E3-4259-9272-5A86BFA45C6C}.Release|iPhone.ActiveCfg = Release|x86
		{02A1D307-C0E3-4259-9272-5A86BFA45C6C}.Release|iPhoneSimulator.ActiveCfg = Release|x86
		{02A1D307-C0E3-4259-9272-5A86BFA45C6C}.Release|x64.ActiveCfg = Release|x64
		{02A1D307-C0E3-4259-9272-5A86BFA45C6C}.Release|x64.Build.0 = Release|x64
		{02A1D307-C0E3-4259-9272-5A86BFA45C6C}.Release|x64.Deploy.0 = Release|x64
		{02A1D307-C0E3-4259-9272-5A86BFA45C6C}.Release|x86.ActiveCfg = Release|x86
		{02A1D307-C0E3-4259-9272-5A86BFA45C6C}.Release|x86.Build.0 = Release|x86
		{02A1D307-C0E3-4259-9272-5A86BFA45C6C}.Release|x86.Deploy.0 = Release|x86
		{A9754CA5-86B5-4F24-961E-4A9BB8F2E3B9}.Ad-Hoc|Any CPU.ActiveCfg = Release|Any CPU
		{A9754CA5-86B5-4F24-961E-4A9BB8F2E3B9}.Ad-Hoc|Any CPU.Build.0 = Release|Any CPU
		{A9754CA5-86B5-4F24-961E-4A9BB8F2E3B9}.Ad-Hoc|Any CPU.Deploy.0 = Release|Any CPU
		{A9754CA5-86B5-4F24-961E-4A9BB8F2E3B9}.Ad-Hoc|ARM.ActiveCfg = Release|ARM
		{A9754CA5-86B5-4F24-961E-4A9BB8F2E3B9}.Ad-Hoc|ARM.Build.0 = Release|ARM
		{A9754CA5-86B5-4F24-961E-4A9BB8F2E3B9}.Ad-Hoc|ARM.Deploy.0 = Release|ARM
		{A9754CA5-86B5-4F24-961E-4A9BB8F2E3B9}.Ad-Hoc|iPhone.ActiveCfg = Release|Any CPU
		{A9754CA5-86B5-4F24-961E-4A9BB8F2E3B9}.Ad-Hoc|iPhone.Build.0 = Release|Any CPU
		{A9754CA5-86B5-4F24-961E-4A9BB8F2E3B9}.Ad-Hoc|iPhone.Deploy.0 = Release|Any CPU
		{A9754CA5-86B5-4F24-961E-4A9BB8F2E3B9}.Ad-Hoc|iPhoneSimulator.ActiveCfg = Release|Any CPU
		{A9754CA5-86B5-4F24-961E-4A9BB8F2E3B9}.Ad-Hoc|iPhoneSimulator.Build.0 = Release|Any CPU
		{A9754CA5-86B5-4F24-961E-4A9BB8F2E3B9}.Ad-Hoc|iPhoneSimulator.Deploy.0 = Release|Any CPU
		{A9754CA5-86B5-4F24-961E-4A9BB8F2E3B9}.Ad-Hoc|x64.ActiveCfg = Release|x64
		{A9754CA5-86B5-4F24-961E-4A9BB8F2E3B9}.Ad-Hoc|x64.Build.0 = Release|x64
		{A9754CA5-86B5-4F24-961E-4A9BB8F2E3B9}.Ad-Hoc|x64.Deploy.0 = Release|x64
		{A9754CA5-86B5-4F24-961E-4A9BB8F2E3B9}.Ad-Hoc|x86.ActiveCfg = Release|x86
		{A9754CA5-86B5-4F24-961E-4A9BB8F2E3B9}.Ad-Hoc|x86.Build.0 = Release|x86
		{A9754CA5-86B5-4F24-961E-4A9BB8F2E3B9}.Ad-Hoc|x86.Deploy.0 = Release|x86
		{A9754CA5-86B5-4F24-961E-4A9BB8F2E3B9}.AppStore|Any CPU.ActiveCfg = Release|Any CPU
		{A9754CA5-86B5-4F24-961E-4A9BB8F2E3B9}.AppStore|Any CPU.Build.0 = Release|Any CPU
		{A9754CA5-86B5-4F24-961E-4A9BB8F2E3B9}.AppStore|Any CPU.Deploy.0 = Release|Any CPU
		{A9754CA5-86B5-4F24-961E-4A9BB8F2E3B9}.AppStore|ARM.ActiveCfg = Release|ARM
		{A9754CA5-86B5-4F24-961E-4A9BB8F2E3B9}.AppStore|ARM.Build.0 = Release|ARM
		{A9754CA5-86B5-4F24-961E-4A9BB8F2E3B9}.AppStore|ARM.Deploy.0 = Release|ARM
		{A9754CA5-86B5-4F24-961E-4A9BB8F2E3B9}.AppStore|iPhone.ActiveCfg = Release|Any CPU
		{A9754CA5-86B5-4F24-961E-4A9BB8F2E3B9}.AppStore|iPhone.Build.0 = Release|Any CPU
		{A9754CA5-86B5-4F24-961E-4A9BB8F2E3B9}.AppStore|iPhone.Deploy.0 = Release|Any CPU
		{A9754CA5-86B5-4F24-961E-4A9BB8F2E3B9}.AppStore|iPhoneSimulator.ActiveCfg = Release|Any CPU
		{A9754CA5-86B5-4F24-961E-4A9BB8F2E3B9}.AppStore|iPhoneSimulator.Build.0 = Release|Any CPU
		{A9754CA5-86B5-4F24-961E-4A9BB8F2E3B9}.AppStore|iPhoneSimulator.Deploy.0 = Release|Any CPU
		{A9754CA5-86B5-4F24-961E-4A9BB8F2E3B9}.AppStore|x64.ActiveCfg = Release|x64
		{A9754CA5-86B5-4F24-961E-4A9BB8F2E3B9}.AppStore|x64.Build.0 = Release|x64
		{A9754CA5-86B5-4F24-961E-4A9BB8F2E3B9}.AppStore|x64.Deploy.0 = Release|x64
		{A9754CA5-86B5-4F24-961E-4A9BB8F2E3B9}.AppStore|x86.ActiveCfg = Release|x86
		{A9754CA5-86B5-4F24-961E-4A9BB8F2E3B9}.AppStore|x86.Build.0 = Release|x86
		{A9754CA5-86B5-4F24-961E-4A9BB8F2E3B9}.AppStore|x86.Deploy.0 = Release|x86
		{A9754CA5-86B5-4F24-961E-4A9BB8F2E3B9}.Debug|Any CPU.ActiveCfg = Debug|Any CPU
		{A9754CA5-86B5-4F24-961E-4A9BB8F2E3B9}.Debug|Any CPU.Build.0 = Debug|Any CPU
		{A9754CA5-86B5-4F24-961E-4A9BB8F2E3B9}.Debug|Any CPU.Deploy.0 = Debug|Any CPU
		{A9754CA5-86B5-4F24-961E-4A9BB8F2E3B9}.Debug|ARM.ActiveCfg = Debug|ARM
		{A9754CA5-86B5-4F24-961E-4A9BB8F2E3B9}.Debug|ARM.Build.0 = Debug|ARM
		{A9754CA5-86B5-4F24-961E-4A9BB8F2E3B9}.Debug|ARM.Deploy.0 = Debug|ARM
		{A9754CA5-86B5-4F24-961E-4A9BB8F2E3B9}.Debug|iPhone.ActiveCfg = Debug|Any CPU
		{A9754CA5-86B5-4F24-961E-4A9BB8F2E3B9}.Debug|iPhone.Build.0 = Debug|Any CPU
		{A9754CA5-86B5-4F24-961E-4A9BB8F2E3B9}.Debug|iPhone.Deploy.0 = Debug|Any CPU
		{A9754CA5-86B5-4F24-961E-4A9BB8F2E3B9}.Debug|iPhoneSimulator.ActiveCfg = Debug|Any CPU
		{A9754CA5-86B5-4F24-961E-4A9BB8F2E3B9}.Debug|iPhoneSimulator.Build.0 = Debug|Any CPU
		{A9754CA5-86B5-4F24-961E-4A9BB8F2E3B9}.Debug|iPhoneSimulator.Deploy.0 = Debug|Any CPU
		{A9754CA5-86B5-4F24-961E-4A9BB8F2E3B9}.Debug|x64.ActiveCfg = Debug|x64
		{A9754CA5-86B5-4F24-961E-4A9BB8F2E3B9}.Debug|x64.Build.0 = Debug|x64
		{A9754CA5-86B5-4F24-961E-4A9BB8F2E3B9}.Debug|x64.Deploy.0 = Debug|x64
		{A9754CA5-86B5-4F24-961E-4A9BB8F2E3B9}.Debug|x86.ActiveCfg = Debug|x86
		{A9754CA5-86B5-4F24-961E-4A9BB8F2E3B9}.Debug|x86.Build.0 = Debug|x86
		{A9754CA5-86B5-4F24-961E-4A9BB8F2E3B9}.Debug|x86.Deploy.0 = Debug|x86
		{A9754CA5-86B5-4F24-961E-4A9BB8F2E3B9}.Release|Any CPU.ActiveCfg = Release|Any CPU
		{A9754CA5-86B5-4F24-961E-4A9BB8F2E3B9}.Release|Any CPU.Build.0 = Release|Any CPU
		{A9754CA5-86B5-4F24-961E-4A9BB8F2E3B9}.Release|Any CPU.Deploy.0 = Release|Any CPU
		{A9754CA5-86B5-4F24-961E-4A9BB8F2E3B9}.Release|ARM.ActiveCfg = Release|ARM
		{A9754CA5-86B5-4F24-961E-4A9BB8F2E3B9}.Release|ARM.Build.0 = Release|ARM
		{A9754CA5-86B5-4F24-961E-4A9BB8F2E3B9}.Release|ARM.Deploy.0 = Release|ARM
		{A9754CA5-86B5-4F24-961E-4A9BB8F2E3B9}.Release|iPhone.ActiveCfg = Release|Any CPU
		{A9754CA5-86B5-4F24-961E-4A9BB8F2E3B9}.Release|iPhone.Build.0 = Release|Any CPU
		{A9754CA5-86B5-4F24-961E-4A9BB8F2E3B9}.Release|iPhone.Deploy.0 = Release|Any CPU
		{A9754CA5-86B5-4F24-961E-4A9BB8F2E3B9}.Release|iPhoneSimulator.ActiveCfg = Release|Any CPU
		{A9754CA5-86B5-4F24-961E-4A9BB8F2E3B9}.Release|iPhoneSimulator.Build.0 = Release|Any CPU
		{A9754CA5-86B5-4F24-961E-4A9BB8F2E3B9}.Release|iPhoneSimulator.Deploy.0 = Release|Any CPU
		{A9754CA5-86B5-4F24-961E-4A9BB8F2E3B9}.Release|x64.ActiveCfg = Release|x64
		{A9754CA5-86B5-4F24-961E-4A9BB8F2E3B9}.Release|x64.Build.0 = Release|x64
		{A9754CA5-86B5-4F24-961E-4A9BB8F2E3B9}.Release|x64.Deploy.0 = Release|x64
		{A9754CA5-86B5-4F24-961E-4A9BB8F2E3B9}.Release|x86.ActiveCfg = Release|x86
		{A9754CA5-86B5-4F24-961E-4A9BB8F2E3B9}.Release|x86.Build.0 = Release|x86
		{A9754CA5-86B5-4F24-961E-4A9BB8F2E3B9}.Release|x86.Deploy.0 = Release|x86
	EndGlobalSection
	GlobalSection(SolutionProperties) = preSolution
		HideSolutionNode = FALSE
	EndGlobalSection
EndGlobal
