
Microsoft Visual Studio Solution File, Format Version 12.00
# Visual Studio 14
VisualStudioVersion = 14.0.25420.1
MinimumVisualStudioVersion = 10.0.40219.1
Project("{FAE04EC0-301F-11D3-BF4B-00C04F79EFBC}") = "TouristicWallet", "TouristicWallet\TouristicWallet\TouristicWallet.csproj", "{6B6BA8FD-1931-457E-8A1E-F05AC2624999}"
EndProject
Project("{FAE04EC0-301F-11D3-BF4B-00C04F79EFBC}") = "TouristicWallet.Droid", "TouristicWallet\TouristicWallet.Droid\TouristicWallet.Droid.csproj", "{3A8B98F8-B425-4673-AD26-7E8940196B82}"
EndProject
Project("{FAE04EC0-301F-11D3-BF4B-00C04F79EFBC}") = "TouristicWallet.UWP", "TouristicWallet\TouristicWallet.UWP\TouristicWallet.UWP.csproj", "{80EF7E46-613A-47B3-8CDE-87A2FACCB8AA}"
EndProject
Global
	GlobalSection(SolutionConfigurationPlatforms) = preSolution
		Ad-Hoc|Any CPU = Ad-Hoc|Any CPU
		Ad-Hoc|ARM = Ad-Hoc|ARM
		Ad-Hoc|iPhone = Ad-Hoc|iPhone
		Ad-Hoc|iPhoneSimulator = Ad-Hoc|iPhoneSimulator
		Ad-Hoc|x64 = Ad-Hoc|x64
		Ad-Hoc|x86 = Ad-Hoc|x86
		AppStore|Any CPU = AppStore|Any CPU
		AppStore|ARM = AppStore|ARM
		AppStore|iPhone = AppStore|iPhone
		AppStore|iPhoneSimulator = AppStore|iPhoneSimulator
		AppStore|x64 = AppStore|x64
		AppStore|x86 = AppStore|x86
		Debug|Any CPU = Debug|Any CPU
		Debug|ARM = Debug|ARM
		Debug|iPhone = Debug|iPhone
		Debug|iPhoneSimulator = Debug|iPhoneSimulator
		Debug|x64 = Debug|x64
		Debug|x86 = Debug|x86
		Release|Any CPU = Release|Any CPU
		Release|ARM = Release|ARM
		Release|iPhone = Release|iPhone
		Release|iPhoneSimulator = Release|iPhoneSimulator
		Release|x64 = Release|x64
		Release|x86 = Release|x86
	EndGlobalSection
	GlobalSection(ProjectConfigurationPlatforms) = postSolution
		{6B6BA8FD-1931-457E-8A1E-F05AC2624999}.Ad-Hoc|Any CPU.ActiveCfg = Release|Any CPU
		{6B6BA8FD-1931-457E-8A1E-F05AC2624999}.Ad-Hoc|Any CPU.Build.0 = Release|Any CPU
		{6B6BA8FD-1931-457E-8A1E-F05AC2624999}.Ad-Hoc|ARM.ActiveCfg = Release|Any CPU
		{6B6BA8FD-1931-457E-8A1E-F05AC2624999}.Ad-Hoc|ARM.Build.0 = Release|Any CPU
		{6B6BA8FD-1931-457E-8A1E-F05AC2624999}.Ad-Hoc|iPhone.ActiveCfg = Release|Any CPU
		{6B6BA8FD-1931-457E-8A1E-F05AC2624999}.Ad-Hoc|iPhone.Build.0 = Release|Any CPU
		{6B6BA8FD-1931-457E-8A1E-F05AC2624999}.Ad-Hoc|iPhoneSimulator.ActiveCfg = Release|Any CPU
		{6B6BA8FD-1931-457E-8A1E-F05AC2624999}.Ad-Hoc|iPhoneSimulator.Build.0 = Release|Any CPU
		{6B6BA8FD-1931-457E-8A1E-F05AC2624999}.Ad-Hoc|x64.ActiveCfg = Release|Any CPU
		{6B6BA8FD-1931-457E-8A1E-F05AC2624999}.Ad-Hoc|x64.Build.0 = Release|Any CPU
		{6B6BA8FD-1931-457E-8A1E-F05AC2624999}.Ad-Hoc|x86.ActiveCfg = Release|Any CPU
		{6B6BA8FD-1931-457E-8A1E-F05AC2624999}.Ad-Hoc|x86.Build.0 = Release|Any CPU
		{6B6BA8FD-1931-457E-8A1E-F05AC2624999}.AppStore|Any CPU.ActiveCfg = Release|Any CPU
		{6B6BA8FD-1931-457E-8A1E-F05AC2624999}.AppStore|Any CPU.Build.0 = Release|Any CPU
		{6B6BA8FD-1931-457E-8A1E-F05AC2624999}.AppStore|ARM.ActiveCfg = Release|Any CPU
		{6B6BA8FD-1931-457E-8A1E-F05AC2624999}.AppStore|ARM.Build.0 = Release|Any CPU
		{6B6BA8FD-1931-457E-8A1E-F05AC2624999}.AppStore|iPhone.ActiveCfg = Release|Any CPU
		{6B6BA8FD-1931-457E-8A1E-F05AC2624999}.AppStore|iPhone.Build.0 = Release|Any CPU
		{6B6BA8FD-1931-457E-8A1E-F05AC2624999}.AppStore|iPhoneSimulator.ActiveCfg = Release|Any CPU
		{6B6BA8FD-1931-457E-8A1E-F05AC2624999}.AppStore|iPhoneSimulator.Build.0 = Release|Any CPU
		{6B6BA8FD-1931-457E-8A1E-F05AC2624999}.AppStore|x64.ActiveCfg = Release|Any CPU
		{6B6BA8FD-1931-457E-8A1E-F05AC2624999}.AppStore|x64.Build.0 = Release|Any CPU
		{6B6BA8FD-1931-457E-8A1E-F05AC2624999}.AppStore|x86.ActiveCfg = Release|Any CPU
		{6B6BA8FD-1931-457E-8A1E-F05AC2624999}.AppStore|x86.Build.0 = Release|Any CPU
		{6B6BA8FD-1931-457E-8A1E-F05AC2624999}.Debug|Any CPU.ActiveCfg = Debug|Any CPU
		{6B6BA8FD-1931-457E-8A1E-F05AC2624999}.Debug|Any CPU.Build.0 = Debug|Any CPU
		{6B6BA8FD-1931-457E-8A1E-F05AC2624999}.Debug|ARM.ActiveCfg = Debug|Any CPU
		{6B6BA8FD-1931-457E-8A1E-F05AC2624999}.Debug|ARM.Build.0 = Debug|Any CPU
		{6B6BA8FD-1931-457E-8A1E-F05AC2624999}.Debug|iPhone.ActiveCfg = Debug|Any CPU
		{6B6BA8FD-1931-457E-8A1E-F05AC2624999}.Debug|iPhone.Build.0 = Debug|Any CPU
		{6B6BA8FD-1931-457E-8A1E-F05AC2624999}.Debug|iPhoneSimulator.ActiveCfg = Debug|Any CPU
		{6B6BA8FD-1931-457E-8A1E-F05AC2624999}.Debug|iPhoneSimulator.Build.0 = Debug|Any CPU
		{6B6BA8FD-1931-457E-8A1E-F05AC2624999}.Debug|x64.ActiveCfg = Debug|Any CPU
		{6B6BA8FD-1931-457E-8A1E-F05AC2624999}.Debug|x64.Build.0 = Debug|Any CPU
		{6B6BA8FD-1931-457E-8A1E-F05AC2624999}.Debug|x86.ActiveCfg = Debug|Any CPU
		{6B6BA8FD-1931-457E-8A1E-F05AC2624999}.Debug|x86.Build.0 = Debug|Any CPU
		{6B6BA8FD-1931-457E-8A1E-F05AC2624999}.Release|Any CPU.ActiveCfg = Release|Any CPU
		{6B6BA8FD-1931-457E-8A1E-F05AC2624999}.Release|Any CPU.Build.0 = Release|Any CPU
		{6B6BA8FD-1931-457E-8A1E-F05AC2624999}.Release|ARM.ActiveCfg = Release|Any CPU
		{6B6BA8FD-1931-457E-8A1E-F05AC2624999}.Release|ARM.Build.0 = Release|Any CPU
		{6B6BA8FD-1931-457E-8A1E-F05AC2624999}.Release|iPhone.ActiveCfg = Release|Any CPU
		{6B6BA8FD-1931-457E-8A1E-F05AC2624999}.Release|iPhone.Build.0 = Release|Any CPU
		{6B6BA8FD-1931-457E-8A1E-F05AC2624999}.Release|iPhoneSimulator.ActiveCfg = Release|Any CPU
		{6B6BA8FD-1931-457E-8A1E-F05AC2624999}.Release|iPhoneSimulator.Build.0 = Release|Any CPU
		{6B6BA8FD-1931-457E-8A1E-F05AC2624999}.Release|x64.ActiveCfg = Release|Any CPU
		{6B6BA8FD-1931-457E-8A1E-F05AC2624999}.Release|x64.Build.0 = Release|Any CPU
		{6B6BA8FD-1931-457E-8A1E-F05AC2624999}.Release|x86.ActiveCfg = Release|Any CPU
		{6B6BA8FD-1931-457E-8A1E-F05AC2624999}.Release|x86.Build.0 = Release|Any CPU
		{3A8B98F8-B425-4673-AD26-7E8940196B82}.Ad-Hoc|Any CPU.ActiveCfg = Release|Any CPU
		{3A8B98F8-B425-4673-AD26-7E8940196B82}.Ad-Hoc|Any CPU.Build.0 = Release|Any CPU
		{3A8B98F8-B425-4673-AD26-7E8940196B82}.Ad-Hoc|Any CPU.Deploy.0 = Release|Any CPU
		{3A8B98F8-B425-4673-AD26-7E8940196B82}.Ad-Hoc|ARM.ActiveCfg = Release|Any CPU
		{3A8B98F8-B425-4673-AD26-7E8940196B82}.Ad-Hoc|ARM.Build.0 = Release|Any CPU
		{3A8B98F8-B425-4673-AD26-7E8940196B82}.Ad-Hoc|ARM.Deploy.0 = Release|Any CPU
		{3A8B98F8-B425-4673-AD26-7E8940196B82}.Ad-Hoc|iPhone.ActiveCfg = Release|Any CPU
		{3A8B98F8-B425-4673-AD26-7E8940196B82}.Ad-Hoc|iPhone.Build.0 = Release|Any CPU
		{3A8B98F8-B425-4673-AD26-7E8940196B82}.Ad-Hoc|iPhone.Deploy.0 = Release|Any CPU
		{3A8B98F8-B425-4673-AD26-7E8940196B82}.Ad-Hoc|iPhoneSimulator.ActiveCfg = Release|Any CPU
		{3A8B98F8-B425-4673-AD26-7E8940196B82}.Ad-Hoc|iPhoneSimulator.Build.0 = Release|Any CPU
		{3A8B98F8-B425-4673-AD26-7E8940196B82}.Ad-Hoc|iPhoneSimulator.Deploy.0 = Release|Any CPU
		{3A8B98F8-B425-4673-AD26-7E8940196B82}.Ad-Hoc|x64.ActiveCfg = Release|Any CPU
		{3A8B98F8-B425-4673-AD26-7E8940196B82}.Ad-Hoc|x64.Build.0 = Release|Any CPU
		{3A8B98F8-B425-4673-AD26-7E8940196B82}.Ad-Hoc|x64.Deploy.0 = Release|Any CPU
		{3A8B98F8-B425-4673-AD26-7E8940196B82}.Ad-Hoc|x86.ActiveCfg = Release|Any CPU
		{3A8B98F8-B425-4673-AD26-7E8940196B82}.Ad-Hoc|x86.Build.0 = Release|Any CPU
		{3A8B98F8-B425-4673-AD26-7E8940196B82}.Ad-Hoc|x86.Deploy.0 = Release|Any CPU
		{3A8B98F8-B425-4673-AD26-7E8940196B82}.AppStore|Any CPU.ActiveCfg = Release|Any CPU
		{3A8B98F8-B425-4673-AD26-7E8940196B82}.AppStore|Any CPU.Build.0 = Release|Any CPU
		{3A8B98F8-B425-4673-AD26-7E8940196B82}.AppStore|Any CPU.Deploy.0 = Release|Any CPU
		{3A8B98F8-B425-4673-AD26-7E8940196B82}.AppStore|ARM.ActiveCfg = Release|Any CPU
		{3A8B98F8-B425-4673-AD26-7E8940196B82}.AppStore|ARM.Build.0 = Release|Any CPU
		{3A8B98F8-B425-4673-AD26-7E8940196B82}.AppStore|ARM.Deploy.0 = Release|Any CPU
		{3A8B98F8-B425-4673-AD26-7E8940196B82}.AppStore|iPhone.ActiveCfg = Release|Any CPU
		{3A8B98F8-B425-4673-AD26-7E8940196B82}.AppStore|iPhone.Build.0 = Release|Any CPU
		{3A8B98F8-B425-4673-AD26-7E8940196B82}.AppStore|iPhone.Deploy.0 = Release|Any CPU
		{3A8B98F8-B425-4673-AD26-7E8940196B82}.AppStore|iPhoneSimulator.ActiveCfg = Release|Any CPU
		{3A8B98F8-B425-4673-AD26-7E8940196B82}.AppStore|iPhoneSimulator.Build.0 = Release|Any CPU
		{3A8B98F8-B425-4673-AD26-7E8940196B82}.AppStore|iPhoneSimulator.Deploy.0 = Release|Any CPU
		{3A8B98F8-B425-4673-AD26-7E8940196B82}.AppStore|x64.ActiveCfg = Release|Any CPU
		{3A8B98F8-B425-4673-AD26-7E8940196B82}.AppStore|x64.Build.0 = Release|Any CPU
		{3A8B98F8-B425-4673-AD26-7E8940196B82}.AppStore|x64.Deploy.0 = Release|Any CPU
		{3A8B98F8-B425-4673-AD26-7E8940196B82}.AppStore|x86.ActiveCfg = Release|Any CPU
		{3A8B98F8-B425-4673-AD26-7E8940196B82}.AppStore|x86.Build.0 = Release|Any CPU
		{3A8B98F8-B425-4673-AD26-7E8940196B82}.AppStore|x86.Deploy.0 = Release|Any CPU
		{3A8B98F8-B425-4673-AD26-7E8940196B82}.Debug|Any CPU.ActiveCfg = Debug|Any CPU
		{3A8B98F8-B425-4673-AD26-7E8940196B82}.Debug|Any CPU.Build.0 = Debug|Any CPU
		{3A8B98F8-B425-4673-AD26-7E8940196B82}.Debug|Any CPU.Deploy.0 = Debug|Any CPU
		{3A8B98F8-B425-4673-AD26-7E8940196B82}.Debug|ARM.ActiveCfg = Debug|Any CPU
		{3A8B98F8-B425-4673-AD26-7E8940196B82}.Debug|ARM.Build.0 = Debug|Any CPU
		{3A8B98F8-B425-4673-AD26-7E8940196B82}.Debug|iPhone.ActiveCfg = Debug|Any CPU
		{3A8B98F8-B425-4673-AD26-7E8940196B82}.Debug|iPhone.Build.0 = Debug|Any CPU
		{3A8B98F8-B425-4673-AD26-7E8940196B82}.Debug|iPhoneSimulator.ActiveCfg = Debug|Any CPU
		{3A8B98F8-B425-4673-AD26-7E8940196B82}.Debug|iPhoneSimulator.Build.0 = Debug|Any CPU
		{3A8B98F8-B425-4673-AD26-7E8940196B82}.Debug|x64.ActiveCfg = Debug|Any CPU
		{3A8B98F8-B425-4673-AD26-7E8940196B82}.Debug|x64.Build.0 = Debug|Any CPU
		{3A8B98F8-B425-4673-AD26-7E8940196B82}.Debug|x86.ActiveCfg = Debug|Any CPU
		{3A8B98F8-B425-4673-AD26-7E8940196B82}.Debug|x86.Build.0 = Debug|Any CPU
		{3A8B98F8-B425-4673-AD26-7E8940196B82}.Release|Any CPU.ActiveCfg = Release|Any CPU
		{3A8B98F8-B425-4673-AD26-7E8940196B82}.Release|Any CPU.Build.0 = Release|Any CPU
		{3A8B98F8-B425-4673-AD26-7E8940196B82}.Release|Any CPU.Deploy.0 = Release|Any CPU
		{3A8B98F8-B425-4673-AD26-7E8940196B82}.Release|ARM.ActiveCfg = Release|Any CPU
		{3A8B98F8-B425-4673-AD26-7E8940196B82}.Release|ARM.Build.0 = Release|Any CPU
		{3A8B98F8-B425-4673-AD26-7E8940196B82}.Release|ARM.Deploy.0 = Release|Any CPU
		{3A8B98F8-B425-4673-AD26-7E8940196B82}.Release|iPhone.ActiveCfg = Release|Any CPU
		{3A8B98F8-B425-4673-AD26-7E8940196B82}.Release|iPhone.Build.0 = Release|Any CPU
		{3A8B98F8-B425-4673-AD26-7E8940196B82}.Release|iPhone.Deploy.0 = Release|Any CPU
		{3A8B98F8-B425-4673-AD26-7E8940196B82}.Release|iPhoneSimulator.ActiveCfg = Release|Any CPU
		{3A8B98F8-B425-4673-AD26-7E8940196B82}.Release|iPhoneSimulator.Build.0 = Release|Any CPU
		{3A8B98F8-B425-4673-AD26-7E8940196B82}.Release|iPhoneSimulator.Deploy.0 = Release|Any CPU
		{3A8B98F8-B425-4673-AD26-7E8940196B82}.Release|x64.ActiveCfg = Release|Any CPU
		{3A8B98F8-B425-4673-AD26-7E8940196B82}.Release|x64.Build.0 = Release|Any CPU
		{3A8B98F8-B425-4673-AD26-7E8940196B82}.Release|x64.Deploy.0 = Release|Any CPU
		{3A8B98F8-B425-4673-AD26-7E8940196B82}.Release|x86.ActiveCfg = Release|Any CPU
		{3A8B98F8-B425-4673-AD26-7E8940196B82}.Release|x86.Build.0 = Release|Any CPU
		{3A8B98F8-B425-4673-AD26-7E8940196B82}.Release|x86.Deploy.0 = Release|Any CPU
		{80EF7E46-613A-47B3-8CDE-87A2FACCB8AA}.Ad-Hoc|Any CPU.ActiveCfg = Release|x64
		{80EF7E46-613A-47B3-8CDE-87A2FACCB8AA}.Ad-Hoc|Any CPU.Build.0 = Release|x64
		{80EF7E46-613A-47B3-8CDE-87A2FACCB8AA}.Ad-Hoc|Any CPU.Deploy.0 = Release|x64
		{80EF7E46-613A-47B3-8CDE-87A2FACCB8AA}.Ad-Hoc|ARM.ActiveCfg = Release|ARM
		{80EF7E46-613A-47B3-8CDE-87A2FACCB8AA}.Ad-Hoc|ARM.Build.0 = Release|ARM
		{80EF7E46-613A-47B3-8CDE-87A2FACCB8AA}.Ad-Hoc|ARM.Deploy.0 = Release|ARM
		{80EF7E46-613A-47B3-8CDE-87A2FACCB8AA}.Ad-Hoc|iPhone.ActiveCfg = Release|x86
		{80EF7E46-613A-47B3-8CDE-87A2FACCB8AA}.Ad-Hoc|iPhone.Build.0 = Release|x86
		{80EF7E46-613A-47B3-8CDE-87A2FACCB8AA}.Ad-Hoc|iPhone.Deploy.0 = Release|x86
		{80EF7E46-613A-47B3-8CDE-87A2FACCB8AA}.Ad-Hoc|iPhoneSimulator.ActiveCfg = Release|x86
		{80EF7E46-613A-47B3-8CDE-87A2FACCB8AA}.Ad-Hoc|iPhoneSimulator.Build.0 = Release|x86
		{80EF7E46-613A-47B3-8CDE-87A2FACCB8AA}.Ad-Hoc|iPhoneSimulator.Deploy.0 = Release|x86
		{80EF7E46-613A-47B3-8CDE-87A2FACCB8AA}.Ad-Hoc|x64.ActiveCfg = Release|x64
		{80EF7E46-613A-47B3-8CDE-87A2FACCB8AA}.Ad-Hoc|x64.Build.0 = Release|x64
		{80EF7E46-613A-47B3-8CDE-87A2FACCB8AA}.Ad-Hoc|x64.Deploy.0 = Release|x64
		{80EF7E46-613A-47B3-8CDE-87A2FACCB8AA}.Ad-Hoc|x86.ActiveCfg = Release|x86
		{80EF7E46-613A-47B3-8CDE-87A2FACCB8AA}.Ad-Hoc|x86.Build.0 = Release|x86
		{80EF7E46-613A-47B3-8CDE-87A2FACCB8AA}.Ad-Hoc|x86.Deploy.0 = Release|x86
		{80EF7E46-613A-47B3-8CDE-87A2FACCB8AA}.AppStore|Any CPU.ActiveCfg = Release|x64
		{80EF7E46-613A-47B3-8CDE-87A2FACCB8AA}.AppStore|Any CPU.Build.0 = Release|x64
		{80EF7E46-613A-47B3-8CDE-87A2FACCB8AA}.AppStore|Any CPU.Deploy.0 = Release|x64
		{80EF7E46-613A-47B3-8CDE-87A2FACCB8AA}.AppStore|ARM.ActiveCfg = Release|ARM
		{80EF7E46-613A-47B3-8CDE-87A2FACCB8AA}.AppStore|ARM.Build.0 = Release|ARM
		{80EF7E46-613A-47B3-8CDE-87A2FACCB8AA}.AppStore|ARM.Deploy.0 = Release|ARM
		{80EF7E46-613A-47B3-8CDE-87A2FACCB8AA}.AppStore|iPhone.ActiveCfg = Release|x86
		{80EF7E46-613A-47B3-8CDE-87A2FACCB8AA}.AppStore|iPhone.Build.0 = Release|x86
		{80EF7E46-613A-47B3-8CDE-87A2FACCB8AA}.AppStore|iPhone.Deploy.0 = Release|x86
		{80EF7E46-613A-47B3-8CDE-87A2FACCB8AA}.AppStore|iPhoneSimulator.ActiveCfg = Release|x86
		{80EF7E46-613A-47B3-8CDE-87A2FACCB8AA}.AppStore|iPhoneSimulator.Build.0 = Release|x86
		{80EF7E46-613A-47B3-8CDE-87A2FACCB8AA}.AppStore|iPhoneSimulator.Deploy.0 = Release|x86
		{80EF7E46-613A-47B3-8CDE-87A2FACCB8AA}.AppStore|x64.ActiveCfg = Release|x64
		{80EF7E46-613A-47B3-8CDE-87A2FACCB8AA}.AppStore|x64.Build.0 = Release|x64
		{80EF7E46-613A-47B3-8CDE-87A2FACCB8AA}.AppStore|x64.Deploy.0 = Release|x64
		{80EF7E46-613A-47B3-8CDE-87A2FACCB8AA}.AppStore|x86.ActiveCfg = Release|x86
		{80EF7E46-613A-47B3-8CDE-87A2FACCB8AA}.AppStore|x86.Build.0 = Release|x86
		{80EF7E46-613A-47B3-8CDE-87A2FACCB8AA}.AppStore|x86.Deploy.0 = Release|x86
		{80EF7E46-613A-47B3-8CDE-87A2FACCB8AA}.Debug|Any CPU.ActiveCfg = Debug|x64
		{80EF7E46-613A-47B3-8CDE-87A2FACCB8AA}.Debug|Any CPU.Build.0 = Debug|x64
		{80EF7E46-613A-47B3-8CDE-87A2FACCB8AA}.Debug|Any CPU.Deploy.0 = Debug|x64
		{80EF7E46-613A-47B3-8CDE-87A2FACCB8AA}.Debug|ARM.ActiveCfg = Debug|x64
		{80EF7E46-613A-47B3-8CDE-87A2FACCB8AA}.Debug|ARM.Build.0 = Debug|x64
		{80EF7E46-613A-47B3-8CDE-87A2FACCB8AA}.Debug|iPhone.ActiveCfg = Debug|x64
		{80EF7E46-613A-47B3-8CDE-87A2FACCB8AA}.Debug|iPhone.Build.0 = Debug|x64
		{80EF7E46-613A-47B3-8CDE-87A2FACCB8AA}.Debug|iPhoneSimulator.ActiveCfg = Debug|x64
		{80EF7E46-613A-47B3-8CDE-87A2FACCB8AA}.Debug|iPhoneSimulator.Build.0 = Debug|x64
		{80EF7E46-613A-47B3-8CDE-87A2FACCB8AA}.Debug|x64.ActiveCfg = Debug|x64
		{80EF7E46-613A-47B3-8CDE-87A2FACCB8AA}.Debug|x64.Build.0 = Debug|x64
		{80EF7E46-613A-47B3-8CDE-87A2FACCB8AA}.Debug|x86.ActiveCfg = Debug|x64
		{80EF7E46-613A-47B3-8CDE-87A2FACCB8AA}.Debug|x86.Build.0 = Debug|x64
		{80EF7E46-613A-47B3-8CDE-87A2FACCB8AA}.Release|Any CPU.ActiveCfg = Release|x64
		{80EF7E46-613A-47B3-8CDE-87A2FACCB8AA}.Release|Any CPU.Build.0 = Release|x64
		{80EF7E46-613A-47B3-8CDE-87A2FACCB8AA}.Release|Any CPU.Deploy.0 = Release|x64
		{80EF7E46-613A-47B3-8CDE-87A2FACCB8AA}.Release|ARM.ActiveCfg = Release|ARM
		{80EF7E46-613A-47B3-8CDE-87A2FACCB8AA}.Release|ARM.Build.0 = Release|ARM
		{80EF7E46-613A-47B3-8CDE-87A2FACCB8AA}.Release|ARM.Deploy.0 = Release|ARM
		{80EF7E46-613A-47B3-8CDE-87A2FACCB8AA}.Release|iPhone.ActiveCfg = Release|x86
		{80EF7E46-613A-47B3-8CDE-87A2FACCB8AA}.Release|iPhoneSimulator.ActiveCfg = Release|x86
		{80EF7E46-613A-47B3-8CDE-87A2FACCB8AA}.Release|x64.ActiveCfg = Release|x64
		{80EF7E46-613A-47B3-8CDE-87A2FACCB8AA}.Release|x64.Build.0 = Release|x64
		{80EF7E46-613A-47B3-8CDE-87A2FACCB8AA}.Release|x64.Deploy.0 = Release|x64
		{80EF7E46-613A-47B3-8CDE-87A2FACCB8AA}.Release|x86.ActiveCfg = Release|x86
		{80EF7E46-613A-47B3-8CDE-87A2FACCB8AA}.Release|x86.Build.0 = Release|x86
		{80EF7E46-613A-47B3-8CDE-87A2FACCB8AA}.Release|x86.Deploy.0 = Release|x86
	EndGlobalSection
	GlobalSection(SolutionProperties) = preSolution
		HideSolutionNode = FALSE
	EndGlobalSection
EndGlobal
